// !$*UTF8*$!
{
	archiveVersion = 1;
	classes = {
	};
	objectVersion = 51;
	objects = {

/* Begin PBXBuildFile section */
		38287B04265AED5800FB274B /* ViewControllerLogin.swift in Sources */ = {isa = PBXBuildFile; fileRef = 38287B03265AED5800FB274B /* ViewControllerLogin.swift */; };
		38287B07265AFC8100FB274B /* ViewControllerForgot.swift in Sources */ = {isa = PBXBuildFile; fileRef = 38287B06265AFC8100FB274B /* ViewControllerForgot.swift */; };
		382A8A73265C985600F3C3DC /* ViewControllerRegister.swift in Sources */ = {isa = PBXBuildFile; fileRef = 382A8A72265C985600F3C3DC /* ViewControllerRegister.swift */; };
		385BD23E26585AAD00CEA4EA /* AppDelegate.swift in Sources */ = {isa = PBXBuildFile; fileRef = 385BD23D26585AAD00CEA4EA /* AppDelegate.swift */; };
		385BD24026585AAD00CEA4EA /* SceneDelegate.swift in Sources */ = {isa = PBXBuildFile; fileRef = 385BD23F26585AAD00CEA4EA /* SceneDelegate.swift */; };
		385BD24226585AAD00CEA4EA /* ViewController.swift in Sources */ = {isa = PBXBuildFile; fileRef = 385BD24126585AAD00CEA4EA /* ViewController.swift */; };
		385BD24526585AAD00CEA4EA /* Main.storyboard in Resources */ = {isa = PBXBuildFile; fileRef = 385BD24326585AAD00CEA4EA /* Main.storyboard */; };
		385BD24726585AB000CEA4EA /* Assets.xcassets in Resources */ = {isa = PBXBuildFile; fileRef = 385BD24626585AB000CEA4EA /* Assets.xcassets */; };
		385BD24A26585AB000CEA4EA /* LaunchScreen.storyboard in Resources */ = {isa = PBXBuildFile; fileRef = 385BD24826585AB000CEA4EA /* LaunchScreen.storyboard */; };
		385BD253265866F800CEA4EA /* Poppins-Regular.ttf in Resources */ = {isa = PBXBuildFile; fileRef = 385BD252265866F800CEA4EA /* Poppins-Regular.ttf */; };
		385BD2562658670900CEA4EA /* Poppins-Bold.ttf in Resources */ = {isa = PBXBuildFile; fileRef = 385BD2552658670900CEA4EA /* Poppins-Bold.ttf */; };
		38CFF0932687EDC200CDE067 /* GoogleService-Info.plist in Resources */ = {isa = PBXBuildFile; fileRef = 38CFF0922687EDC200CDE067 /* GoogleService-Info.plist */; };
		5051A6C474658C0FC5C10089 /* Pods_digitalstore.framework in Frameworks */ = {isa = PBXBuildFile; fileRef = 501CA0485C84172D7BBF6446 /* Pods_digitalstore.framework */; };
/* End PBXBuildFile section */

/* Begin PBXFileReference section */
		38287B03265AED5800FB274B /* ViewControllerLogin.swift */ = {isa = PBXFileReference; lastKnownFileType = sourcecode.swift; path = ViewControllerLogin.swift; sourceTree = "<group>"; };
		38287B06265AFC8100FB274B /* ViewControllerForgot.swift */ = {isa = PBXFileReference; lastKnownFileType = sourcecode.swift; path = ViewControllerForgot.swift; sourceTree = "<group>"; };
		382A8A72265C985600F3C3DC /* ViewControllerRegister.swift */ = {isa = PBXFileReference; lastKnownFileType = sourcecode.swift; path = ViewControllerRegister.swift; sourceTree = "<group>"; };
		385BD23A26585AAD00CEA4EA /* digitalstore.app */ = {isa = PBXFileReference; explicitFileType = wrapper.application; includeInIndex = 0; path = digitalstore.app; sourceTree = BUILT_PRODUCTS_DIR; };
		385BD23D26585AAD00CEA4EA /* AppDelegate.swift */ = {isa = PBXFileReference; lastKnownFileType = sourcecode.swift; path = AppDelegate.swift; sourceTree = "<group>"; };
		385BD23F26585AAD00CEA4EA /* SceneDelegate.swift */ = {isa = PBXFileReference; lastKnownFileType = sourcecode.swift; path = SceneDelegate.swift; sourceTree = "<group>"; };
		385BD24126585AAD00CEA4EA /* ViewController.swift */ = {isa = PBXFileReference; lastKnownFileType = sourcecode.swift; path = ViewController.swift; sourceTree = "<group>"; };
		385BD24426585AAD00CEA4EA /* Base */ = {isa = PBXFileReference; lastKnownFileType = file.storyboard; name = Base; path = Base.lproj/Main.storyboard; sourceTree = "<group>"; };
		385BD24626585AB000CEA4EA /* Assets.xcassets */ = {isa = PBXFileReference; lastKnownFileType = folder.assetcatalog; path = Assets.xcassets; sourceTree = "<group>"; };
		385BD24926585AB000CEA4EA /* Base */ = {isa = PBXFileReference; lastKnownFileType = file.storyboard; name = Base; path = Base.lproj/LaunchScreen.storyboard; sourceTree = "<group>"; };
		385BD24B26585AB000CEA4EA /* Info.plist */ = {isa = PBXFileReference; lastKnownFileType = text.plist.xml; path = Info.plist; sourceTree = "<group>"; };
		385BD252265866F800CEA4EA /* Poppins-Regular.ttf */ = {isa = PBXFileReference; lastKnownFileType = file; name = "Poppins-Regular.ttf"; path = "fonts/Poppins/Poppins-Regular.ttf"; sourceTree = SOURCE_ROOT; };
		385BD2552658670900CEA4EA /* Poppins-Bold.ttf */ = {isa = PBXFileReference; lastKnownFileType = file; name = "Poppins-Bold.ttf"; path = "fonts/Poppins/Poppins-Bold.ttf"; sourceTree = SOURCE_ROOT; };
		38CFF0922687EDC200CDE067 /* GoogleService-Info.plist */ = {isa = PBXFileReference; lastKnownFileType = text.plist; path = "GoogleService-Info.plist"; sourceTree = SOURCE_ROOT; };
		4635733995B3D5220232A26F /* Pods-digitalstore.release.xcconfig */ = {isa = PBXFileReference; includeInIndex = 1; lastKnownFileType = text.xcconfig; name = "Pods-digitalstore.release.xcconfig"; path = "Target Support Files/Pods-digitalstore/Pods-digitalstore.release.xcconfig"; sourceTree = "<group>"; };
		501CA0485C84172D7BBF6446 /* Pods_digitalstore.framework */ = {isa = PBXFileReference; explicitFileType = wrapper.framework; includeInIndex = 0; path = Pods_digitalstore.framework; sourceTree = BUILT_PRODUCTS_DIR; };
		88BB56BC0063C1676F3A5ED6 /* Pods-digitalstore.debug.xcconfig */ = {isa = PBXFileReference; includeInIndex = 1; lastKnownFileType = text.xcconfig; name = "Pods-digitalstore.debug.xcconfig"; path = "Target Support Files/Pods-digitalstore/Pods-digitalstore.debug.xcconfig"; sourceTree = "<group>"; };
/* End PBXFileReference section */

/* Begin PBXFrameworksBuildPhase section */
		385BD23726585AAD00CEA4EA /* Frameworks */ = {
			isa = PBXFrameworksBuildPhase;
			buildActionMask = 2147483647;
			files = (
				5051A6C474658C0FC5C10089 /* Pods_digitalstore.framework in Frameworks */,
			);
			runOnlyForDeploymentPostprocessing = 0;
		};
/* End PBXFrameworksBuildPhase section */

/* Begin PBXGroup section */
		385BD23126585AAD00CEA4EA = {
			isa = PBXGroup;
			children = (
				385BD23C26585AAD00CEA4EA /* digitalstore */,
				385BD23B26585AAD00CEA4EA /* Products */,
				BEC80C558398F38D3D304753 /* Pods */,
				6D30786CDD511D3F435ED5AD /* Frameworks */,
			);
			sourceTree = "<group>";
		};
		385BD23B26585AAD00CEA4EA /* Products */ = {
			isa = PBXGroup;
			children = (
				385BD23A26585AAD00CEA4EA /* digitalstore.app */,
			);
			name = Products;
			sourceTree = "<group>";
		};
		385BD23C26585AAD00CEA4EA /* digitalstore */ = {
			isa = PBXGroup;
			children = (
				385BD23D26585AAD00CEA4EA /* AppDelegate.swift */,
				385BD23F26585AAD00CEA4EA /* SceneDelegate.swift */,
				38287B03265AED5800FB274B /* ViewControllerLogin.swift */,
				385BD24126585AAD00CEA4EA /* ViewController.swift */,
				382A8A72265C985600F3C3DC /* ViewControllerRegister.swift */,
				38287B06265AFC8100FB274B /* ViewControllerForgot.swift */,
				385BD24326585AAD00CEA4EA /* Main.storyboard */,
				385BD24626585AB000CEA4EA /* Assets.xcassets */,
				385BD24826585AB000CEA4EA /* LaunchScreen.storyboard */,
				385BD24B26585AB000CEA4EA /* Info.plist */,
				385BD2552658670900CEA4EA /* Poppins-Bold.ttf */,
				385BD252265866F800CEA4EA /* Poppins-Regular.ttf */,
				38CFF0922687EDC200CDE067 /* GoogleService-Info.plist */,
			);
			path = digitalstore;
			sourceTree = "<group>";
		};
		6D30786CDD511D3F435ED5AD /* Frameworks */ = {
			isa = PBXGroup;
			children = (
				501CA0485C84172D7BBF6446 /* Pods_digitalstore.framework */,
			);
			name = Frameworks;
			sourceTree = "<group>";
		};
		BEC80C558398F38D3D304753 /* Pods */ = {
			isa = PBXGroup;
			children = (
				88BB56BC0063C1676F3A5ED6 /* Pods-digitalstore.debug.xcconfig */,
				4635733995B3D5220232A26F /* Pods-digitalstore.release.xcconfig */,
			);
			path = Pods;
			sourceTree = "<group>";
		};
/* End PBXGroup section */

/* Begin PBXNativeTarget section */
		385BD23926585AAD00CEA4EA /* digitalstore */ = {
			isa = PBXNativeTarget;
			buildConfigurationList = 385BD24E26585AB000CEA4EA /* Build configuration list for PBXNativeTarget "digitalstore" */;
			buildPhases = (
				57E32596C58C069C68E980D7 /* [CP] Check Pods Manifest.lock */,
				385BD23626585AAD00CEA4EA /* Sources */,
				385BD23726585AAD00CEA4EA /* Frameworks */,
				385BD23826585AAD00CEA4EA /* Resources */,
				CFD6C3CB00D886F1CCA03DB0 /* [CP] Embed Pods Frameworks */,
			);
			buildRules = (
			);
			dependencies = (
			);
			name = digitalstore;
			productName = digitalstore;
			productReference = 385BD23A26585AAD00CEA4EA /* digitalstore.app */;
			productType = "com.apple.product-type.application";
		};
/* End PBXNativeTarget section */

/* Begin PBXProject section */
		385BD23226585AAD00CEA4EA /* Project object */ = {
			isa = PBXProject;
			attributes = {
				LastSwiftUpdateCheck = 1240;
				LastUpgradeCheck = 1240;
				TargetAttributes = {
					385BD23926585AAD00CEA4EA = {
						CreatedOnToolsVersion = 12.4;
					};
				};
			};
			buildConfigurationList = 385BD23526585AAD00CEA4EA /* Build configuration list for PBXProject "digitalstore" */;
			compatibilityVersion = "Xcode 9.3";
			developmentRegion = en;
			hasScannedForEncodings = 0;
			knownRegions = (
				en,
				Base,
			);
			mainGroup = 385BD23126585AAD00CEA4EA;
			productRefGroup = 385BD23B26585AAD00CEA4EA /* Products */;
			projectDirPath = "";
			projectRoot = "";
			targets = (
				385BD23926585AAD00CEA4EA /* digitalstore */,
			);
		};
/* End PBXProject section */

/* Begin PBXResourcesBuildPhase section */
		385BD23826585AAD00CEA4EA /* Resources */ = {
			isa = PBXResourcesBuildPhase;
			buildActionMask = 2147483647;
			files = (
				385BD24A26585AB000CEA4EA /* LaunchScreen.storyboard in Resources */,
				385BD24726585AB000CEA4EA /* Assets.xcassets in Resources */,
				385BD2562658670900CEA4EA /* Poppins-Bold.ttf in Resources */,
				385BD24526585AAD00CEA4EA /* Main.storyboard in Resources */,
				385BD253265866F800CEA4EA /* Poppins-Regular.ttf in Resources */,
				38CFF0932687EDC200CDE067 /* GoogleService-Info.plist in Resources */,
			);
			runOnlyForDeploymentPostprocessing = 0;
		};
/* End PBXResourcesBuildPhase section */

/* Begin PBXShellScriptBuildPhase section */
		57E32596C58C069C68E980D7 /* [CP] Check Pods Manifest.lock */ = {
			isa = PBXShellScriptBuildPhase;
			buildActionMask = 2147483647;
			files = (
			);
			inputFileListPaths = (
			);
			inputPaths = (
				"${PODS_PODFILE_DIR_PATH}/Podfile.lock",
				"${PODS_ROOT}/Manifest.lock",
			);
			name = "[CP] Check Pods Manifest.lock";
			outputFileListPaths = (
			);
			outputPaths = (
				"$(DERIVED_FILE_DIR)/Pods-digitalstore-checkManifestLockResult.txt",
			);
			runOnlyForDeploymentPostprocessing = 0;
			shellPath = /bin/sh;
			shellScript = "diff \"${PODS_PODFILE_DIR_PATH}/Podfile.lock\" \"${PODS_ROOT}/Manifest.lock\" > /dev/null\nif [ $? != 0 ] ; then\n    # print error to STDERR\n    echo \"error: The sandbox is not in sync with the Podfile.lock. Run 'pod install' or update your CocoaPods installation.\" >&2\n    exit 1\nfi\n# This output is used by Xcode 'outputs' to avoid re-running this script phase.\necho \"SUCCESS\" > \"${SCRIPT_OUTPUT_FILE_0}\"\n";
			showEnvVarsInLog = 0;
		};
		CFD6C3CB00D886F1CCA03DB0 /* [CP] Embed Pods Frameworks */ = {
			isa = PBXShellScriptBuildPhase;
			buildActionMask = 2147483647;
			files = (
			);
			inputFileListPaths = (
				"${PODS_ROOT}/Target Support Files/Pods-digitalstore/Pods-digitalstore-frameworks-${CONFIGURATION}-input-files.xcfilelist",
			);
			name = "[CP] Embed Pods Frameworks";
			outputFileListPaths = (
				"${PODS_ROOT}/Target Support Files/Pods-digitalstore/Pods-digitalstore-frameworks-${CONFIGURATION}-output-files.xcfilelist",
			);
			runOnlyForDeploymentPostprocessing = 0;
			shellPath = /bin/sh;
			shellScript = "\"${PODS_ROOT}/Target Support Files/Pods-digitalstore/Pods-digitalstore-frameworks.sh\"\n";
			showEnvVarsInLog = 0;
		};
/* End PBXShellScriptBuildPhase section */

/* Begin PBXSourcesBuildPhase section */
		385BD23626585AAD00CEA4EA /* Sources */ = {
			isa = PBXSourcesBuildPhase;
			buildActionMask = 2147483647;
			files = (
				38287B07265AFC8100FB274B /* ViewControllerForgot.swift in Sources */,
				38287B04265AED5800FB274B /* ViewControllerLogin.swift in Sources */,
				385BD24226585AAD00CEA4EA /* ViewController.swift in Sources */,
				382A8A73265C985600F3C3DC /* ViewControllerRegister.swift in Sources */,
				385BD23E26585AAD00CEA4EA /* AppDelegate.swift in Sources */,
				385BD24026585AAD00CEA4EA /* SceneDelegate.swift in Sources */,
			);
			runOnlyForDeploymentPostprocessing = 0;
		};
/* End PBXSourcesBuildPhase section */

/* Begin PBXVariantGroup section */
		385BD24326585AAD00CEA4EA /* Main.storyboard */ = {
			isa = PBXVariantGroup;
			children = (
				385BD24426585AAD00CEA4EA /* Base */,
			);
			name = Main.storyboard;
			sourceTree = "<group>";
		};
		385BD24826585AB000CEA4EA /* LaunchScreen.storyboard */ = {
			isa = PBXVariantGroup;
			children = (
				385BD24926585AB000CEA4EA /* Base */,
			);
			name = LaunchScreen.storyboard;
			sourceTree = "<group>";
		};
/* End PBXVariantGroup section */

/* Begin XCBuildConfiguration section */
		385BD24C26585AB000CEA4EA /* Debug */ = {
			isa = XCBuildConfiguration;
			buildSettings = {
				ALWAYS_SEARCH_USER_PATHS = NO;
				CLANG_ANALYZER_NONNULL = YES;
				CLANG_ANALYZER_NUMBER_OBJECT_CONVERSION = YES_AGGRESSIVE;
				CLANG_CXX_LANGUAGE_STANDARD = "gnu++14";
				CLANG_CXX_LIBRARY = "libc++";
				CLANG_ENABLE_MODULES = YES;
				CLANG_ENABLE_OBJC_ARC = YES;
				CLANG_ENABLE_OBJC_WEAK = YES;
				CLANG_WARN_BLOCK_CAPTURE_AUTORELEASING = YES;
				CLANG_WARN_BOOL_CONVERSION = YES;
				CLANG_WARN_COMMA = YES;
				CLANG_WARN_CONSTANT_CONVERSION = YES;
				CLANG_WARN_DEPRECATED_OBJC_IMPLEMENTATIONS = YES;
				CLANG_WARN_DIRECT_OBJC_ISA_USAGE = YES_ERROR;
				CLANG_WARN_DOCUMENTATION_COMMENTS = YES;
				CLANG_WARN_EMPTY_BODY = YES;
				CLANG_WARN_ENUM_CONVERSION = YES;
				CLANG_WARN_INFINITE_RECURSION = YES;
				CLANG_WARN_INT_CONVERSION = YES;
				CLANG_WARN_NON_LITERAL_NULL_CONVERSION = YES;
				CLANG_WARN_OBJC_IMPLICIT_RETAIN_SELF = YES;
				CLANG_WARN_OBJC_LITERAL_CONVERSION = YES;
				CLANG_WARN_OBJC_ROOT_CLASS = YES_ERROR;
				CLANG_WARN_QUOTED_INCLUDE_IN_FRAMEWORK_HEADER = YES;
				CLANG_WARN_RANGE_LOOP_ANALYSIS = YES;
				CLANG_WARN_STRICT_PROTOTYPES = YES;
				CLANG_WARN_SUSPICIOUS_MOVE = YES;
				CLANG_WARN_UNGUARDED_AVAILABILITY = YES_AGGRESSIVE;
				CLANG_WARN_UNREACHABLE_CODE = YES;
				CLANG_WARN__DUPLICATE_METHOD_MATCH = YES;
				COPY_PHASE_STRIP = NO;
				DEBUG_INFORMATION_FORMAT = dwarf;
				ENABLE_STRICT_OBJC_MSGSEND = YES;
				ENABLE_TESTABILITY = YES;
				GCC_C_LANGUAGE_STANDARD = gnu11;
				GCC_DYNAMIC_NO_PIC = NO;
				GCC_NO_COMMON_BLOCKS = YES;
				GCC_OPTIMIZATION_LEVEL = 0;
				GCC_PREPROCESSOR_DEFINITIONS = (
					"DEBUG=1",
					"$(inherited)",
				);
				GCC_WARN_64_TO_32_BIT_CONVERSION = YES;
				GCC_WARN_ABOUT_RETURN_TYPE = YES_ERROR;
				GCC_WARN_UNDECLARED_SELECTOR = YES;
				GCC_WARN_UNINITIALIZED_AUTOS = YES_AGGRESSIVE;
				GCC_WARN_UNUSED_FUNCTION = YES;
				GCC_WARN_UNUSED_VARIABLE = YES;
				IPHONEOS_DEPLOYMENT_TARGET = 14.4;
				MTL_ENABLE_DEBUG_INFO = INCLUDE_SOURCE;
				MTL_FAST_MATH = YES;
				ONLY_ACTIVE_ARCH = YES;
				SDKROOT = iphoneos;
				SWIFT_ACTIVE_COMPILATION_CONDITIONS = DEBUG;
				SWIFT_OPTIMIZATION_LEVEL = "-Onone";
			};
			name = Debug;
		};
		385BD24D26585AB000CEA4EA /* Release */ = {
			isa = XCBuildConfiguration;
			buildSettings = {
				ALWAYS_SEARCH_USER_PATHS = NO;
				CLANG_ANALYZER_NONNULL = YES;
				CLANG_ANALYZER_NUMBER_OBJECT_CONVERSION = YES_AGGRESSIVE;
				CLANG_CXX_LANGUAGE_STANDARD = "gnu++14";
				CLANG_CXX_LIBRARY = "libc++";
				CLANG_ENABLE_MODULES = YES;
				CLANG_ENABLE_OBJC_ARC = YES;
				CLANG_ENABLE_OBJC_WEAK = YES;
				CLANG_WARN_BLOCK_CAPTURE_AUTORELEASING = YES;
				CLANG_WARN_BOOL_CONVERSION = YES;
				CLANG_WARN_COMMA = YES;
				CLANG_WARN_CONSTANT_CONVERSION = YES;
				CLANG_WARN_DEPRECATED_OBJC_IMPLEMENTATIONS = YES;
				CLANG_WARN_DIRECT_OBJC_ISA_USAGE = YES_ERROR;
				CLANG_WARN_DOCUMENTATION_COMMENTS = YES;
				CLANG_WARN_EMPTY_BODY = YES;
				CLANG_WARN_ENUM_CONVERSION = YES;
				CLANG_WARN_INFINITE_RECURSION = YES;
				CLANG_WARN_INT_CONVERSION = YES;
				CLANG_WARN_NON_LITERAL_NULL_CONVERSION = YES;
				CLANG_WARN_OBJC_IMPLICIT_RETAIN_SELF = YES;
				CLANG_WARN_OBJC_LITERAL_CONVERSION = YES;
				CLANG_WARN_OBJC_ROOT_CLASS = YES_ERROR;
				CLANG_WARN_QUOTED_INCLUDE_IN_FRAMEWORK_HEADER = YES;
				CLANG_WARN_RANGE_LOOP_ANALYSIS = YES;
				CLANG_WARN_STRICT_PROTOTYPES = YES;
				CLANG_WARN_SUSPICIOUS_MOVE = YES;
				CLANG_WARN_UNGUARDED_AVAILABILITY = YES_AGGRESSIVE;
				CLANG_WARN_UNREACHABLE_CODE = YES;
				CLANG_WARN__DUPLICATE_METHOD_MATCH = YES;
				COPY_PHASE_STRIP = NO;
				DEBUG_INFORMATION_FORMAT = "dwarf-with-dsym";
				ENABLE_NS_ASSERTIONS = NO;
				ENABLE_STRICT_OBJC_MSGSEND = YES;
				GCC_C_LANGUAGE_STANDARD = gnu11;
				GCC_NO_COMMON_BLOCKS = YES;
				GCC_WARN_64_TO_32_BIT_CONVERSION = YES;
				GCC_WARN_ABOUT_RETURN_TYPE = YES_ERROR;
				GCC_WARN_UNDECLARED_SELECTOR = YES;
				GCC_WARN_UNINITIALIZED_AUTOS = YES_AGGRESSIVE;
				GCC_WARN_UNUSED_FUNCTION = YES;
				GCC_WARN_UNUSED_VARIABLE = YES;
				IPHONEOS_DEPLOYMENT_TARGET = 14.4;
				MTL_ENABLE_DEBUG_INFO = NO;
				MTL_FAST_MATH = YES;
				SDKROOT = iphoneos;
				SWIFT_COMPILATION_MODE = wholemodule;
				SWIFT_OPTIMIZATION_LEVEL = "-O";
				VALIDATE_PRODUCT = YES;
			};
			name = Release;
		};
		385BD24F26585AB000CEA4EA /* Debug */ = {
			isa = XCBuildConfiguration;
			baseConfigurationReference = 88BB56BC0063C1676F3A5ED6 /* Pods-digitalstore.debug.xcconfig */;
			buildSettings = {
				ASSETCATALOG_COMPILER_APPICON_NAME = AppIcon;
				ASSETCATALOG_COMPILER_GLOBAL_ACCENT_COLOR_NAME = AccentColor;
				CODE_SIGN_STYLE = Automatic;
				INFOPLIST_FILE = digitalstore/Info.plist;
				LD_RUNPATH_SEARCH_PATHS = (
					"$(inherited)",
					"@executable_path/Frameworks",
				);
				PRODUCT_BUNDLE_IDENTIFIER = com.blg.digitalstore;
				PRODUCT_NAME = "$(TARGET_NAME)";
				SWIFT_VERSION = 5.0;
				TARGETED_DEVICE_FAMILY = "1,2";
			};
			name = Debug;
		};
		385BD25026585AB000CEA4EA /* Release */ = {
			isa = XCBuildConfiguration;
			baseConfigurationReference = 4635733995B3D5220232A26F /* Pods-digitalstore.release.xcconfig */;
			buildSettings = {
				ASSETCATALOG_COMPILER_APPICON_NAME = AppIcon;
				ASSETCATALOG_COMPILER_GLOBAL_ACCENT_COLOR_NAME = AccentColor;
				CODE_SIGN_STYLE = Automatic;
				INFOPLIST_FILE = digitalstore/Info.plist;
				LD_RUNPATH_SEARCH_PATHS = (
					"$(inherited)",
					"@executable_path/Frameworks",
				);
				PRODUCT_BUNDLE_IDENTIFIER = com.blg.digitalstore;
				PRODUCT_NAME = "$(TARGET_NAME)";
				SWIFT_VERSION = 5.0;
				TARGETED_DEVICE_FAMILY = "1,2";
			};
			name = Release;
		};
/* End XCBuildConfiguration section */

/* Begin XCConfigurationList section */
		385BD23526585AAD00CEA4EA /* Build configuration list for PBXProject "digitalstore" */ = {
			isa = XCConfigurationList;
			buildConfigurations = (
				385BD24C26585AB000CEA4EA /* Debug */,
				385BD24D26585AB000CEA4EA /* Release */,
			);
			defaultConfigurationIsVisible = 0;
			defaultConfigurationName = Release;
		};
		385BD24E26585AB000CEA4EA /* Build configuration list for PBXNativeTarget "digitalstore" */ = {
			isa = XCConfigurationList;
			buildConfigurations = (
				385BD24F26585AB000CEA4EA /* Debug */,
				385BD25026585AB000CEA4EA /* Release */,
			);
			defaultConfigurationIsVisible = 0;
			defaultConfigurationName = Release;
		};
/* End XCConfigurationList section */
	};
	rootObject = 385BD23226585AAD00CEA4EA /* Project object */;
}
